
Microsoft Visual Studio Solution File, Format Version 12.00
# Visual Studio Version 16
VisualStudioVersion = 16.0.31424.327
MinimumVisualStudioVersion = 10.0.40219.1
Project("{FAE04EC0-301F-11D3-BF4B-00C04F79EFBC}") = "Method Assignment2", "Method Assignment2\Method Assignment2.csproj", "{3FE66161-3497-448E-AE34-B60191744A31}"
EndProject
Global
	GlobalSection(SolutionConfigurationPlatforms) = preSolution
		Debug|Any CPU = Debug|Any CPU
		Release|Any CPU = Release|Any CPU
	EndGlobalSection
	GlobalSection(ProjectConfigurationPlatforms) = postSolution
		{3FE66161-3497-448E-AE34-B60191744A31}.Debug|Any CPU.ActiveCfg = Debug|Any CPU
		{3FE66161-3497-448E-AE34-B60191744A31}.Debug|Any CPU.Build.0 = Debug|Any CPU
		{3FE66161-3497-448E-AE34-B60191744A31}.Release|Any CPU.ActiveCfg = Release|Any CPU
		{3FE66161-3497-448E-AE34-B60191744A31}.Release|Any CPU.Build.0 = Release|Any CPU
	EndGlobalSection
	GlobalSection(SolutionProperties) = preSolution
		HideSolutionNode = FALSE
	EndGlobalSection
	GlobalSection(ExtensibilityGlobals) = postSolution
		SolutionGuid = {C370C081-432F-43B6-9D53-60155282F11D}
	EndGlobalSection
EndGlobal
