
Microsoft Visual Studio Solution File, Format Version 12.00
# Visual Studio Version 16
VisualStudioVersion = 16.0.31424.327
MinimumVisualStudioVersion = 10.0.40219.1
Project("{FAE04EC0-301F-11D3-BF4B-00C04F79EFBC}") = "EnumsAssignment", "EnumsAssignment\EnumsAssignment.csproj", "{C2682D97-72CA-4A4D-BE55-A720CCBE287B}"
EndProject
Global
	GlobalSection(SolutionConfigurationPlatforms) = preSolution
		Debug|Any CPU = Debug|Any CPU
		Release|Any CPU = Release|Any CPU
	EndGlobalSection
	GlobalSection(ProjectConfigurationPlatforms) = postSolution
		{C2682D97-72CA-4A4D-BE55-A720CCBE287B}.Debug|Any CPU.ActiveCfg = Debug|Any CPU
		{C2682D97-72CA-4A4D-BE55-A720CCBE287B}.Debug|Any CPU.Build.0 = Debug|Any CPU
		{C2682D97-72CA-4A4D-BE55-A720CCBE287B}.Release|Any CPU.ActiveCfg = Release|Any CPU
		{C2682D97-72CA-4A4D-BE55-A720CCBE287B}.Release|Any CPU.Build.0 = Release|Any CPU
	EndGlobalSection
	GlobalSection(SolutionProperties) = preSolution
		HideSolutionNode = FALSE
	EndGlobalSection
	GlobalSection(ExtensibilityGlobals) = postSolution
		SolutionGuid = {78306733-5BF5-44C5-8039-962BF0851544}
	EndGlobalSection
EndGlobal
