
Microsoft Visual Studio Solution File, Format Version 12.00
# Visual Studio Version 16
VisualStudioVersion = 16.0.31424.327
MinimumVisualStudioVersion = 10.0.40219.1
Project("{FAE04EC0-301F-11D3-BF4B-00C04F79EFBC}") = "AdditionalFeaturesAssignment", "AdditionalFeaturesAssignment\AdditionalFeaturesAssignment.csproj", "{20A048AE-4B36-4E9E-BB74-70421BB93132}"
EndProject
Global
	GlobalSection(SolutionConfigurationPlatforms) = preSolution
		Debug|Any CPU = Debug|Any CPU
		Release|Any CPU = Release|Any CPU
	EndGlobalSection
	GlobalSection(ProjectConfigurationPlatforms) = postSolution
		{20A048AE-4B36-4E9E-BB74-70421BB93132}.Debug|Any CPU.ActiveCfg = Debug|Any CPU
		{20A048AE-4B36-4E9E-BB74-70421BB93132}.Debug|Any CPU.Build.0 = Debug|Any CPU
		{20A048AE-4B36-4E9E-BB74-70421BB93132}.Release|Any CPU.ActiveCfg = Release|Any CPU
		{20A048AE-4B36-4E9E-BB74-70421BB93132}.Release|Any CPU.Build.0 = Release|Any CPU
	EndGlobalSection
	GlobalSection(SolutionProperties) = preSolution
		HideSolutionNode = FALSE
	EndGlobalSection
	GlobalSection(ExtensibilityGlobals) = postSolution
		SolutionGuid = {14CA4316-AC40-4EAF-AD99-367731A8057D}
	EndGlobalSection
EndGlobal
