
Microsoft Visual Studio Solution File, Format Version 12.00
# Visual Studio Version 16
VisualStudioVersion = 16.0.31424.327
MinimumVisualStudioVersion = 10.0.40219.1
Project("{FAE04EC0-301F-11D3-BF4B-00C04F79EFBC}") = "ConsoleAppAssignmentPart1", "ConsoleAppAssignmentPart1\ConsoleAppAssignmentPart1.csproj", "{ADAFC753-8930-48DC-BDB3-35C2BEB8114A}"
EndProject
Global
	GlobalSection(SolutionConfigurationPlatforms) = preSolution
		Debug|Any CPU = Debug|Any CPU
		Release|Any CPU = Release|Any CPU
	EndGlobalSection
	GlobalSection(ProjectConfigurationPlatforms) = postSolution
		{ADAFC753-8930-48DC-BDB3-35C2BEB8114A}.Debug|Any CPU.ActiveCfg = Debug|Any CPU
		{ADAFC753-8930-48DC-BDB3-35C2BEB8114A}.Debug|Any CPU.Build.0 = Debug|Any CPU
		{ADAFC753-8930-48DC-BDB3-35C2BEB8114A}.Release|Any CPU.ActiveCfg = Release|Any CPU
		{ADAFC753-8930-48DC-BDB3-35C2BEB8114A}.Release|Any CPU.Build.0 = Release|Any CPU
	EndGlobalSection
	GlobalSection(SolutionProperties) = preSolution
		HideSolutionNode = FALSE
	EndGlobalSection
	GlobalSection(ExtensibilityGlobals) = postSolution
		SolutionGuid = {7D16C451-2FAA-4B65-AB65-87F1F54F5F71}
	EndGlobalSection
EndGlobal
