
Microsoft Visual Studio Solution File, Format Version 12.00
# Visual Studio Version 16
VisualStudioVersion = 16.0.31424.327
MinimumVisualStudioVersion = 10.0.40219.1
Project("{FAE04EC0-301F-11D3-BF4B-00C04F79EFBC}") = "Loops", "Loops\Loops.csproj", "{C82C796F-B187-483A-9CF9-C52265E2C743}"
EndProject
Global
	GlobalSection(SolutionConfigurationPlatforms) = preSolution
		Debug|Any CPU = Debug|Any CPU
		Release|Any CPU = Release|Any CPU
	EndGlobalSection
	GlobalSection(ProjectConfigurationPlatforms) = postSolution
		{C82C796F-B187-483A-9CF9-C52265E2C743}.Debug|Any CPU.ActiveCfg = Debug|Any CPU
		{C82C796F-B187-483A-9CF9-C52265E2C743}.Debug|Any CPU.Build.0 = Debug|Any CPU
		{C82C796F-B187-483A-9CF9-C52265E2C743}.Release|Any CPU.ActiveCfg = Release|Any CPU
		{C82C796F-B187-483A-9CF9-C52265E2C743}.Release|Any CPU.Build.0 = Release|Any CPU
	EndGlobalSection
	GlobalSection(SolutionProperties) = preSolution
		HideSolutionNode = FALSE
	EndGlobalSection
	GlobalSection(ExtensibilityGlobals) = postSolution
		SolutionGuid = {37938703-97E0-4D0D-98B7-5507FE961A3C}
	EndGlobalSection
EndGlobal
