
Microsoft Visual Studio Solution File, Format Version 12.00
# Visual Studio Version 16
VisualStudioVersion = 16.0.31424.327
MinimumVisualStudioVersion = 10.0.40219.1
Project("{FAE04EC0-301F-11D3-BF4B-00C04F79EFBC}") = "ConsoleAppAssignmentPart3", "ConsoleAppAssignmentPart3\ConsoleAppAssignmentPart3.csproj", "{55C80D18-0239-4A60-B478-DDC9B48CF6BA}"
EndProject
Global
	GlobalSection(SolutionConfigurationPlatforms) = preSolution
		Debug|Any CPU = Debug|Any CPU
		Release|Any CPU = Release|Any CPU
	EndGlobalSection
	GlobalSection(ProjectConfigurationPlatforms) = postSolution
		{55C80D18-0239-4A60-B478-DDC9B48CF6BA}.Debug|Any CPU.ActiveCfg = Debug|Any CPU
		{55C80D18-0239-4A60-B478-DDC9B48CF6BA}.Debug|Any CPU.Build.0 = Debug|Any CPU
		{55C80D18-0239-4A60-B478-DDC9B48CF6BA}.Release|Any CPU.ActiveCfg = Release|Any CPU
		{55C80D18-0239-4A60-B478-DDC9B48CF6BA}.Release|Any CPU.Build.0 = Release|Any CPU
	EndGlobalSection
	GlobalSection(SolutionProperties) = preSolution
		HideSolutionNode = FALSE
	EndGlobalSection
	GlobalSection(ExtensibilityGlobals) = postSolution
		SolutionGuid = {21760BD4-1194-45EC-84E7-57E7F990144E}
	EndGlobalSection
EndGlobal
