
Microsoft Visual Studio Solution File, Format Version 12.00
# Visual Studio Version 16
VisualStudioVersion = 16.0.31424.327
MinimumVisualStudioVersion = 10.0.40219.1
Project("{FAE04EC0-301F-11D3-BF4B-00C04F79EFBC}") = "ConsoleAppAssignmentPart4", "ConsoleAppAssignmentPart4\ConsoleAppAssignmentPart4.csproj", "{974D749F-5D76-4651-AF20-1BFBEE0F087C}"
EndProject
Global
	GlobalSection(SolutionConfigurationPlatforms) = preSolution
		Debug|Any CPU = Debug|Any CPU
		Release|Any CPU = Release|Any CPU
	EndGlobalSection
	GlobalSection(ProjectConfigurationPlatforms) = postSolution
		{974D749F-5D76-4651-AF20-1BFBEE0F087C}.Debug|Any CPU.ActiveCfg = Debug|Any CPU
		{974D749F-5D76-4651-AF20-1BFBEE0F087C}.Debug|Any CPU.Build.0 = Debug|Any CPU
		{974D749F-5D76-4651-AF20-1BFBEE0F087C}.Release|Any CPU.ActiveCfg = Release|Any CPU
		{974D749F-5D76-4651-AF20-1BFBEE0F087C}.Release|Any CPU.Build.0 = Release|Any CPU
	EndGlobalSection
	GlobalSection(SolutionProperties) = preSolution
		HideSolutionNode = FALSE
	EndGlobalSection
	GlobalSection(ExtensibilityGlobals) = postSolution
		SolutionGuid = {87CC1720-FF23-440E-8D52-8E6C9A5F095C}
	EndGlobalSection
EndGlobal
