
Microsoft Visual Studio Solution File, Format Version 12.00
# Visual Studio Version 16
VisualStudioVersion = 16.0.31424.327
MinimumVisualStudioVersion = 10.0.40219.1
Project("{FAE04EC0-301F-11D3-BF4B-00C04F79EFBC}") = "PriceQuoteApplicationAssignmentSubmission", "PriceQuoteApplicationAssignmentSubmission\PriceQuoteApplicationAssignmentSubmission.csproj", "{89A87EC1-C926-4354-987F-BBFBCE7221A3}"
EndProject
Global
	GlobalSection(SolutionConfigurationPlatforms) = preSolution
		Debug|Any CPU = Debug|Any CPU
		Release|Any CPU = Release|Any CPU
	EndGlobalSection
	GlobalSection(ProjectConfigurationPlatforms) = postSolution
		{89A87EC1-C926-4354-987F-BBFBCE7221A3}.Debug|Any CPU.ActiveCfg = Debug|Any CPU
		{89A87EC1-C926-4354-987F-BBFBCE7221A3}.Debug|Any CPU.Build.0 = Debug|Any CPU
		{89A87EC1-C926-4354-987F-BBFBCE7221A3}.Release|Any CPU.ActiveCfg = Release|Any CPU
		{89A87EC1-C926-4354-987F-BBFBCE7221A3}.Release|Any CPU.Build.0 = Release|Any CPU
	EndGlobalSection
	GlobalSection(SolutionProperties) = preSolution
		HideSolutionNode = FALSE
	EndGlobalSection
	GlobalSection(ExtensibilityGlobals) = postSolution
		SolutionGuid = {83722C2A-0F29-4AA1-BCBB-67D7737243E7}
	EndGlobalSection
EndGlobal
